Microsoft Visual Studio Solution File, Format Version 12.00
# Visual Studio Version 17
VisualStudioVersion = 17.5.2.0
MinimumVisualStudioVersion = 10.0.40219.1
Project("{2150E333-8FDC-42A3-9474-1A3956D46DE8}") = "src", "src", "{827E0CD3-B72D-47B6-A68D-7590B98EB39B}"
EndProject
Project("{FAE04EC0-301F-11D3-BF4B-00C04F79EFBC}") = "MageeSoft.PDX.CE", "src\MageeSoft.PDX.CE\MageeSoft.PDX.CE.csproj", "{57CFD6CF-D02D-0726-5F28-A4BE1DDE83FD}"
EndProject
Project("{FAE04EC0-301F-11D3-BF4B-00C04F79EFBC}") = "MageeSoft.PDX.CE.Cli", "src\MageeSoft.PDX.CE.Cli\MageeSoft.PDX.CE.Cli.csproj", "{1B7792EB-F153-F150-1564-FE84D6FBDC6C}"
EndProject
Project("{FAE04EC0-301F-11D3-BF4B-00C04F79EFBC}") = "MageeSoft.PDX.CE.Models", "src\MageeSoft.PDX.CE.Models\MageeSoft.PDX.CE.Models.csproj", "{DA19B0D6-76D7-50CE-DE13-AAA568ADDF6B}"
EndProject
Project("{FAE04EC0-301F-11D3-BF4B-00C04F79EFBC}") = "MageeSoft.PDX.CE.Models.Tests", "src\MageeSoft.PDX.CE.Models.Tests\MageeSoft.PDX.CE.Models.Tests.csproj", "{80A293BC-CAD4-4D60-B2AC-875589C1C7F4}"
EndProject
Project("{FAE04EC0-301F-11D3-BF4B-00C04F79EFBC}") = "MageeSoft.PDX.CE.ParserBenchmark", "src\MageeSoft.PDX.CE.ParserBenchmark\MageeSoft.PDX.CE.ParserBenchmark.csproj", "{70222EF8-7EAC-3A00-F89E-A00601AF8A3F}"
EndProject
Project("{FAE04EC0-301F-11D3-BF4B-00C04F79EFBC}") = "MageeSoft.PDX.CE.Reader", "src\MageeSoft.PDX.CE.Reader\MageeSoft.PDX.CE.Reader.csproj", "{03F0680F-F3D5-9230-80B7-6E5B74055149}"
EndProject
Project("{FAE04EC0-301F-11D3-BF4B-00C04F79EFBC}") = "MageeSoft.PDX.CE.Reader.Tests", "src\MageeSoft.PDX.CE.Reader.Tests\MageeSoft.PDX.CE.Reader.Tests.csproj", "{4C8408A7-3CB5-16D2-152F-1E01FA659106}"
EndProject
Project("{FAE04EC0-301F-11D3-BF4B-00C04F79EFBC}") = "MageeSoft.PDX.CE.Save", "src\MageeSoft.PDX.CE.Save\MageeSoft.PDX.CE.Save.csproj", "{AF25ECB4-E6F9-A17F-44BE-D90BE6163A51}"
EndProject
Project("{FAE04EC0-301F-11D3-BF4B-00C04F79EFBC}") = "MageeSoft.PDX.CE.Save.Tests", "src\MageeSoft.PDX.CE.Save.Tests\MageeSoft.PDX.CE.Save.Tests.csproj", "{FFD691DE-A452-B00C-3763-7B28562A7EB9}"
EndProject
Project("{FAE04EC0-301F-11D3-BF4B-00C04F79EFBC}") = "MageeSoft.PDX.CE.SourceGenerator", "src\MageeSoft.PDX.CE.SourceGenerator\MageeSoft.PDX.CE.SourceGenerator.csproj", "{DCA15211-C1FB-A210-7C09-EC5A57ADE6FF}"
EndProject
Project("{FAE04EC0-301F-11D3-BF4B-00C04F79EFBC}") = "MageeSoft.PDX.CE.SourceGenerator.Tests", "src\MageeSoft.PDX.CE.SourceGenerator.Tests\MageeSoft.PDX.CE.SourceGenerator.Tests.csproj", "{8CA30D83-AFAC-FBEA-3A6A-A828FDB47674}"
EndProject
Project("{FAE04EC0-301F-11D3-BF4B-00C04F79EFBC}") = "MageeSoft.PDX.CE.Tests", "src\MageeSoft.PDX.CE.Tests\MageeSoft.PDX.CE.Tests.csproj", "{5398C205-CCAA-BE82-2B59-12E9686BF635}"
EndProject
Project("{FAE04EC0-301F-11D3-BF4B-00C04F79EFBC}") = "MageeSoft.PDX.CE.Walker", "src\MageeSoft.PDX.CE.Walker\MageeSoft.PDX.CE.Walker.csproj", "{26DF63B6-A1E7-A22E-3899-24E989598288}"
EndProject
Global
	GlobalSection(SolutionConfigurationPlatforms) = preSolution
		Debug|Any CPU = Debug|Any CPU
		Release|Any CPU = Release|Any CPU
	EndGlobalSection
	GlobalSection(ProjectConfigurationPlatforms) = postSolution
		{57CFD6CF-D02D-0726-5F28-A4BE1DDE83FD}.Debug|Any CPU.ActiveCfg = Debug|Any CPU
		{57CFD6CF-D02D-0726-5F28-A4BE1DDE83FD}.Debug|Any CPU.Build.0 = Debug|Any CPU
		{57CFD6CF-D02D-0726-5F28-A4BE1DDE83FD}.Release|Any CPU.ActiveCfg = Release|Any CPU
		{57CFD6CF-D02D-0726-5F28-A4BE1DDE83FD}.Release|Any CPU.Build.0 = Release|Any CPU
		{1B7792EB-F153-F150-1564-FE84D6FBDC6C}.Debug|Any CPU.ActiveCfg = Debug|Any CPU
		{1B7792EB-F153-F150-1564-FE84D6FBDC6C}.Debug|Any CPU.Build.0 = Debug|Any CPU
		{1B7792EB-F153-F150-1564-FE84D6FBDC6C}.Release|Any CPU.ActiveCfg = Release|Any CPU
		{1B7792EB-F153-F150-1564-FE84D6FBDC6C}.Release|Any CPU.Build.0 = Release|Any CPU
		{DA19B0D6-76D7-50CE-DE13-AAA568ADDF6B}.Debug|Any CPU.ActiveCfg = Debug|Any CPU
		{DA19B0D6-76D7-50CE-DE13-AAA568ADDF6B}.Debug|Any CPU.Build.0 = Debug|Any CPU
		{DA19B0D6-76D7-50CE-DE13-AAA568ADDF6B}.Release|Any CPU.ActiveCfg = Release|Any CPU
		{DA19B0D6-76D7-50CE-DE13-AAA568ADDF6B}.Release|Any CPU.Build.0 = Release|Any CPU
		{80A293BC-CAD4-4D60-B2AC-875589C1C7F4}.Debug|Any CPU.ActiveCfg = Debug|Any CPU
		{80A293BC-CAD4-4D60-B2AC-875589C1C7F4}.Debug|Any CPU.Build.0 = Debug|Any CPU
		{80A293BC-CAD4-4D60-B2AC-875589C1C7F4}.Release|Any CPU.ActiveCfg = Release|Any CPU
		{80A293BC-CAD4-4D60-B2AC-875589C1C7F4}.Release|Any CPU.Build.0 = Release|Any CPU
		{70222EF8-7EAC-3A00-F89E-A00601AF8A3F}.Debug|Any CPU.ActiveCfg = Debug|Any CPU
		{70222EF8-7EAC-3A00-F89E-A00601AF8A3F}.Debug|Any CPU.Build.0 = Debug|Any CPU
		{70222EF8-7EAC-3A00-F89E-A00601AF8A3F}.Release|Any CPU.ActiveCfg = Release|Any CPU
		{70222EF8-7EAC-3A00-F89E-A00601AF8A3F}.Release|Any CPU.Build.0 = Release|Any CPU
		{03F0680F-F3D5-9230-80B7-6E5B74055149}.Debug|Any CPU.ActiveCfg = Debug|Any CPU
		{03F0680F-F3D5-9230-80B7-6E5B74055149}.Debug|Any CPU.Build.0 = Debug|Any CPU
		{03F0680F-F3D5-9230-80B7-6E5B74055149}.Release|Any CPU.ActiveCfg = Release|Any CPU
		{03F0680F-F3D5-9230-80B7-6E5B74055149}.Release|Any CPU.Build.0 = Release|Any CPU
		{4C8408A7-3CB5-16D2-152F-1E01FA659106}.Debug|Any CPU.ActiveCfg = Debug|Any CPU
		{4C8408A7-3CB5-16D2-152F-1E01FA659106}.Debug|Any CPU.Build.0 = Debug|Any CPU
		{4C8408A7-3CB5-16D2-152F-1E01FA659106}.Release|Any CPU.ActiveCfg = Release|Any CPU
		{4C8408A7-3CB5-16D2-152F-1E01FA659106}.Release|Any CPU.Build.0 = Release|Any CPU
		{AF25ECB4-E6F9-A17F-44BE-D90BE6163A51}.Debug|Any CPU.ActiveCfg = Debug|Any CPU
		{AF25ECB4-E6F9-A17F-44BE-D90BE6163A51}.Debug|Any CPU.Build.0 = Debug|Any CPU
		{AF25ECB4-E6F9-A17F-44BE-D90BE6163A51}.Release|Any CPU.ActiveCfg = Release|Any CPU
		{AF25ECB4-E6F9-A17F-44BE-D90BE6163A51}.Release|Any CPU.Build.0 = Release|Any CPU
		{FFD691DE-A452-B00C-3763-7B28562A7EB9}.Debug|Any CPU.ActiveCfg = Debug|Any CPU
		{FFD691DE-A452-B00C-3763-7B28562A7EB9}.Debug|Any CPU.Build.0 = Debug|Any CPU
		{FFD691DE-A452-B00C-3763-7B28562A7EB9}.Release|Any CPU.ActiveCfg = Release|Any CPU
		{FFD691DE-A452-B00C-3763-7B28562A7EB9}.Release|Any CPU.Build.0 = Release|Any CPU
		{DCA15211-C1FB-A210-7C09-EC5A57ADE6FF}.Debug|Any CPU.ActiveCfg = Debug|Any CPU
		{DCA15211-C1FB-A210-7C09-EC5A57ADE6FF}.Debug|Any CPU.Build.0 = Debug|Any CPU
		{DCA15211-C1FB-A210-7C09-EC5A57ADE6FF}.Release|Any CPU.ActiveCfg = Release|Any CPU
		{DCA15211-C1FB-A210-7C09-EC5A57ADE6FF}.Release|Any CPU.Build.0 = Release|Any CPU
		{8CA30D83-AFAC-FBEA-3A6A-A828FDB47674}.Debug|Any CPU.ActiveCfg = Debug|Any CPU
		{8CA30D83-AFAC-FBEA-3A6A-A828FDB47674}.Debug|Any CPU.Build.0 = Debug|Any CPU
		{8CA30D83-AFAC-FBEA-3A6A-A828FDB47674}.Release|Any CPU.ActiveCfg = Release|Any CPU
		{8CA30D83-AFAC-FBEA-3A6A-A828FDB47674}.Release|Any CPU.Build.0 = Release|Any CPU
		{5398C205-CCAA-BE82-2B59-12E9686BF635}.Debug|Any CPU.ActiveCfg = Debug|Any CPU
		{5398C205-CCAA-BE82-2B59-12E9686BF635}.Debug|Any CPU.Build.0 = Debug|Any CPU
		{5398C205-CCAA-BE82-2B59-12E9686BF635}.Release|Any CPU.ActiveCfg = Release|Any CPU
		{5398C205-CCAA-BE82-2B59-12E9686BF635}.Release|Any CPU.Build.0 = Release|Any CPU
		{26DF63B6-A1E7-A22E-3899-24E989598288}.Debug|Any CPU.ActiveCfg = Debug|Any CPU
		{26DF63B6-A1E7-A22E-3899-24E989598288}.Debug|Any CPU.Build.0 = Debug|Any CPU
		{26DF63B6-A1E7-A22E-3899-24E989598288}.Release|Any CPU.ActiveCfg = Release|Any CPU
		{26DF63B6-A1E7-A22E-3899-24E989598288}.Release|Any CPU.Build.0 = Release|Any CPU
	EndGlobalSection
	GlobalSection(SolutionProperties) = preSolution
		HideSolutionNode = FALSE
	EndGlobalSection
	GlobalSection(NestedProjects) = preSolution
		{57CFD6CF-D02D-0726-5F28-A4BE1DDE83FD} = {827E0CD3-B72D-47B6-A68D-7590B98EB39B}
		{1B7792EB-F153-F150-1564-FE84D6FBDC6C} = {827E0CD3-B72D-47B6-A68D-7590B98EB39B}
		{DA19B0D6-76D7-50CE-DE13-AAA568ADDF6B} = {827E0CD3-B72D-47B6-A68D-7590B98EB39B}
		{80A293BC-CAD4-4D60-B2AC-875589C1C7F4} = {827E0CD3-B72D-47B6-A68D-7590B98EB39B}
		{70222EF8-7EAC-3A00-F89E-A00601AF8A3F} = {827E0CD3-B72D-47B6-A68D-7590B98EB39B}
		{03F0680F-F3D5-9230-80B7-6E5B74055149} = {827E0CD3-B72D-47B6-A68D-7590B98EB39B}
		{4C8408A7-3CB5-16D2-152F-1E01FA659106} = {827E0CD3-B72D-47B6-A68D-7590B98EB39B}
		{AF25ECB4-E6F9-A17F-44BE-D90BE6163A51} = {827E0CD3-B72D-47B6-A68D-7590B98EB39B}
		{FFD691DE-A452-B00C-3763-7B28562A7EB9} = {827E0CD3-B72D-47B6-A68D-7590B98EB39B}
		{DCA15211-C1FB-A210-7C09-EC5A57ADE6FF} = {827E0CD3-B72D-47B6-A68D-7590B98EB39B}
		{8CA30D83-AFAC-FBEA-3A6A-A828FDB47674} = {827E0CD3-B72D-47B6-A68D-7590B98EB39B}
		{5398C205-CCAA-BE82-2B59-12E9686BF635} = {827E0CD3-B72D-47B6-A68D-7590B98EB39B}
		{26DF63B6-A1E7-A22E-3899-24E989598288} = {827E0CD3-B72D-47B6-A68D-7590B98EB39B}
	EndGlobalSection
	GlobalSection(ExtensibilityGlobals) = postSolution
		SolutionGuid = {8816024B-8C32-4B68-AC17-347213FDE53D}
	EndGlobalSection
EndGlobal
