
Microsoft Visual Studio Solution File, Format Version 12.00
# Visual Studio Version 17
VisualStudioVersion = 17.0.31903.59
MinimumVisualStudioVersion = 10.0.40219.1
Project("{FAE04EC0-301F-11D3-BF4B-00C04F79EFBC}") = "StellarisSaveParser.Core", "StellarisSaveParser.Core\StellarisSaveParser.Core.csproj", "{A520B9AE-7990-4857-BE55-2EEC1CBCF16E}"
EndProject
Project("{FAE04EC0-301F-11D3-BF4B-00C04F79EFBC}") = "StellarisSaveParser.Tests", "StellarisSaveParser.Tests\StellarisSaveParser.Tests.csproj", "{5AC4122F-CCC4-41F4-9D0B-272D88165E87}"
EndProject
Global
	GlobalSection(SolutionConfigurationPlatforms) = preSolution
		Debug|Any CPU = Debug|Any CPU
		Debug|x64 = Debug|x64
		Debug|x86 = Debug|x86
		Release|Any CPU = Release|Any CPU
		Release|x64 = Release|x64
		Release|x86 = Release|x86
	EndGlobalSection
	GlobalSection(ProjectConfigurationPlatforms) = postSolution
		{A520B9AE-7990-4857-BE55-2EEC1CBCF16E}.Debug|Any CPU.ActiveCfg = Debug|Any CPU
		{A520B9AE-7990-4857-BE55-2EEC1CBCF16E}.Debug|Any CPU.Build.0 = Debug|Any CPU
		{A520B9AE-7990-4857-BE55-2EEC1CBCF16E}.Debug|x64.ActiveCfg = Debug|Any CPU
		{A520B9AE-7990-4857-BE55-2EEC1CBCF16E}.Debug|x64.Build.0 = Debug|Any CPU
		{A520B9AE-7990-4857-BE55-2EEC1CBCF16E}.Debug|x86.ActiveCfg = Debug|Any CPU
		{A520B9AE-7990-4857-BE55-2EEC1CBCF16E}.Debug|x86.Build.0 = Debug|Any CPU
		{A520B9AE-7990-4857-BE55-2EEC1CBCF16E}.Release|Any CPU.ActiveCfg = Release|Any CPU
		{A520B9AE-7990-4857-BE55-2EEC1CBCF16E}.Release|Any CPU.Build.0 = Release|Any CPU
		{A520B9AE-7990-4857-BE55-2EEC1CBCF16E}.Release|x64.ActiveCfg = Release|Any CPU
		{A520B9AE-7990-4857-BE55-2EEC1CBCF16E}.Release|x64.Build.0 = Release|Any CPU
		{A520B9AE-7990-4857-BE55-2EEC1CBCF16E}.Release|x86.ActiveCfg = Release|Any CPU
		{A520B9AE-7990-4857-BE55-2EEC1CBCF16E}.Release|x86.Build.0 = Release|Any CPU
		{5AC4122F-CCC4-41F4-9D0B-272D88165E87}.Debug|Any CPU.ActiveCfg = Debug|Any CPU
		{5AC4122F-CCC4-41F4-9D0B-272D88165E87}.Debug|Any CPU.Build.0 = Debug|Any CPU
		{5AC4122F-CCC4-41F4-9D0B-272D88165E87}.Debug|x64.ActiveCfg = Debug|Any CPU
		{5AC4122F-CCC4-41F4-9D0B-272D88165E87}.Debug|x64.Build.0 = Debug|Any CPU
		{5AC4122F-CCC4-41F4-9D0B-272D88165E87}.Debug|x86.ActiveCfg = Debug|Any CPU
		{5AC4122F-CCC4-41F4-9D0B-272D88165E87}.Debug|x86.Build.0 = Debug|Any CPU
		{5AC4122F-CCC4-41F4-9D0B-272D88165E87}.Release|Any CPU.ActiveCfg = Release|Any CPU
		{5AC4122F-CCC4-41F4-9D0B-272D88165E87}.Release|Any CPU.Build.0 = Release|Any CPU
		{5AC4122F-CCC4-41F4-9D0B-272D88165E87}.Release|x64.ActiveCfg = Release|Any CPU
		{5AC4122F-CCC4-41F4-9D0B-272D88165E87}.Release|x64.Build.0 = Release|Any CPU
		{5AC4122F-CCC4-41F4-9D0B-272D88165E87}.Release|x86.ActiveCfg = Release|Any CPU
		{5AC4122F-CCC4-41F4-9D0B-272D88165E87}.Release|x86.Build.0 = Release|Any CPU
	EndGlobalSection
	GlobalSection(SolutionProperties) = preSolution
		HideSolutionNode = FALSE
	EndGlobalSection
EndGlobal
