Microsoft Visual Studio Solution File, Format Version 12.00
# Visual Studio Version 17
VisualStudioVersion = 17.5.2.0
MinimumVisualStudioVersion = 10.0.40219.1
Project("{2150E333-8FDC-42A3-9474-1A3956D46DE8}") = "src", "src", "{827E0CD3-B72D-47B6-A68D-7590B98EB39B}"
EndProject
Project("{FAE04EC0-301F-11D3-BF4B-00C04F79EFBC}") = "MageeSoft.Paradox.Clausewitz.Save.Binder.Reflection", "src\MageeSoft.Paradox.Clausewitz.Save.Binder.Reflection\MageeSoft.Paradox.Clausewitz.Save.Binder.Reflection.csproj", "{452FD681-8D00-088C-6250-37E0977E39A3}"
EndProject
Project("{FAE04EC0-301F-11D3-BF4B-00C04F79EFBC}") = "MageeSoft.Paradox.Clausewitz.Save.Cli", "src\MageeSoft.Paradox.Clausewitz.Save.Cli\MageeSoft.Paradox.Clausewitz.Save.Cli.csproj", "{1846CC7E-E989-B68B-E328-31B28FEDDFE6}"
EndProject
Project("{FAE04EC0-301F-11D3-BF4B-00C04F79EFBC}") = "MageeSoft.Paradox.Clausewitz.Save.Models", "src\MageeSoft.Paradox.Clausewitz.Save.Models\MageeSoft.Paradox.Clausewitz.Save.Models.csproj", "{EA927BFD-C82D-72F5-0368-2279CB1E34DF}"
EndProject
Project("{FAE04EC0-301F-11D3-BF4B-00C04F79EFBC}") = "MageeSoft.Paradox.Clausewitz.Save.Parser", "src\MageeSoft.Paradox.Clausewitz.Save.Parser\MageeSoft.Paradox.Clausewitz.Save.Parser.csproj", "{8CFBBF2C-A07D-AFE7-62F8-72BBD46851AB}"
EndProject
Project("{FAE04EC0-301F-11D3-BF4B-00C04F79EFBC}") = "MageeSoft.Paradox.Clausewitz.Save.Reader", "src\MageeSoft.Paradox.Clausewitz.Save.Reader\MageeSoft.Paradox.Clausewitz.Save.Reader.csproj", "{BECA03DB-FBC6-D185-FD18-417425567A3C}"
EndProject
Project("{FAE04EC0-301F-11D3-BF4B-00C04F79EFBC}") = "MageeSoft.Paradox.Clausewitz.Save.SourceGen", "src\MageeSoft.Paradox.Clausewitz.Save.SourceGen\MageeSoft.Paradox.Clausewitz.Save.SourceGen.csproj", "{A74CB0A8-AF17-DD8D-1A2C-DBC377218672}"
EndProject
Project("{FAE04EC0-301F-11D3-BF4B-00C04F79EFBC}") = "MageeSoft.Paradox.Clausewitz.Save.Test.Models", "src\MageeSoft.Paradox.Clausewitz.Save.Test.Models\MageeSoft.Paradox.Clausewitz.Save.Test.Models.csproj", "{EDFCD2C1-29BD-64C7-F3E5-4F4EA5F7455A}"
EndProject
Project("{FAE04EC0-301F-11D3-BF4B-00C04F79EFBC}") = "MageeSoft.Paradox.Clausewitz.Save.Tests", "src\MageeSoft.Paradox.Clausewitz.Save.Tests\MageeSoft.Paradox.Clausewitz.Save.Tests.csproj", "{9F98BED5-363E-C0E3-CC48-AC70418F4290}"
EndProject
Global
	GlobalSection(SolutionConfigurationPlatforms) = preSolution
		Debug|Any CPU = Debug|Any CPU
		Release|Any CPU = Release|Any CPU
	EndGlobalSection
	GlobalSection(ProjectConfigurationPlatforms) = postSolution
		{452FD681-8D00-088C-6250-37E0977E39A3}.Debug|Any CPU.ActiveCfg = Debug|Any CPU
		{452FD681-8D00-088C-6250-37E0977E39A3}.Debug|Any CPU.Build.0 = Debug|Any CPU
		{452FD681-8D00-088C-6250-37E0977E39A3}.Release|Any CPU.ActiveCfg = Release|Any CPU
		{452FD681-8D00-088C-6250-37E0977E39A3}.Release|Any CPU.Build.0 = Release|Any CPU
		{1846CC7E-E989-B68B-E328-31B28FEDDFE6}.Debug|Any CPU.ActiveCfg = Debug|Any CPU
		{1846CC7E-E989-B68B-E328-31B28FEDDFE6}.Debug|Any CPU.Build.0 = Debug|Any CPU
		{1846CC7E-E989-B68B-E328-31B28FEDDFE6}.Release|Any CPU.ActiveCfg = Release|Any CPU
		{1846CC7E-E989-B68B-E328-31B28FEDDFE6}.Release|Any CPU.Build.0 = Release|Any CPU
		{EA927BFD-C82D-72F5-0368-2279CB1E34DF}.Debug|Any CPU.ActiveCfg = Debug|Any CPU
		{EA927BFD-C82D-72F5-0368-2279CB1E34DF}.Debug|Any CPU.Build.0 = Debug|Any CPU
		{EA927BFD-C82D-72F5-0368-2279CB1E34DF}.Release|Any CPU.ActiveCfg = Release|Any CPU
		{EA927BFD-C82D-72F5-0368-2279CB1E34DF}.Release|Any CPU.Build.0 = Release|Any CPU
		{8CFBBF2C-A07D-AFE7-62F8-72BBD46851AB}.Debug|Any CPU.ActiveCfg = Debug|Any CPU
		{8CFBBF2C-A07D-AFE7-62F8-72BBD46851AB}.Debug|Any CPU.Build.0 = Debug|Any CPU
		{8CFBBF2C-A07D-AFE7-62F8-72BBD46851AB}.Release|Any CPU.ActiveCfg = Release|Any CPU
		{8CFBBF2C-A07D-AFE7-62F8-72BBD46851AB}.Release|Any CPU.Build.0 = Release|Any CPU
		{BECA03DB-FBC6-D185-FD18-417425567A3C}.Debug|Any CPU.ActiveCfg = Debug|Any CPU
		{BECA03DB-FBC6-D185-FD18-417425567A3C}.Debug|Any CPU.Build.0 = Debug|Any CPU
		{BECA03DB-FBC6-D185-FD18-417425567A3C}.Release|Any CPU.ActiveCfg = Release|Any CPU
		{BECA03DB-FBC6-D185-FD18-417425567A3C}.Release|Any CPU.Build.0 = Release|Any CPU
		{A74CB0A8-AF17-DD8D-1A2C-DBC377218672}.Debug|Any CPU.ActiveCfg = Debug|Any CPU
		{A74CB0A8-AF17-DD8D-1A2C-DBC377218672}.Debug|Any CPU.Build.0 = Debug|Any CPU
		{A74CB0A8-AF17-DD8D-1A2C-DBC377218672}.Release|Any CPU.ActiveCfg = Release|Any CPU
		{A74CB0A8-AF17-DD8D-1A2C-DBC377218672}.Release|Any CPU.Build.0 = Release|Any CPU
		{EDFCD2C1-29BD-64C7-F3E5-4F4EA5F7455A}.Debug|Any CPU.ActiveCfg = Debug|Any CPU
		{EDFCD2C1-29BD-64C7-F3E5-4F4EA5F7455A}.Debug|Any CPU.Build.0 = Debug|Any CPU
		{EDFCD2C1-29BD-64C7-F3E5-4F4EA5F7455A}.Release|Any CPU.ActiveCfg = Release|Any CPU
		{EDFCD2C1-29BD-64C7-F3E5-4F4EA5F7455A}.Release|Any CPU.Build.0 = Release|Any CPU
		{9F98BED5-363E-C0E3-CC48-AC70418F4290}.Debug|Any CPU.ActiveCfg = Debug|Any CPU
		{9F98BED5-363E-C0E3-CC48-AC70418F4290}.Debug|Any CPU.Build.0 = Debug|Any CPU
		{9F98BED5-363E-C0E3-CC48-AC70418F4290}.Release|Any CPU.ActiveCfg = Release|Any CPU
		{9F98BED5-363E-C0E3-CC48-AC70418F4290}.Release|Any CPU.Build.0 = Release|Any CPU
	EndGlobalSection
	GlobalSection(SolutionProperties) = preSolution
		HideSolutionNode = FALSE
	EndGlobalSection
	GlobalSection(NestedProjects) = preSolution
		{452FD681-8D00-088C-6250-37E0977E39A3} = {827E0CD3-B72D-47B6-A68D-7590B98EB39B}
		{1846CC7E-E989-B68B-E328-31B28FEDDFE6} = {827E0CD3-B72D-47B6-A68D-7590B98EB39B}
		{EA927BFD-C82D-72F5-0368-2279CB1E34DF} = {827E0CD3-B72D-47B6-A68D-7590B98EB39B}
		{8CFBBF2C-A07D-AFE7-62F8-72BBD46851AB} = {827E0CD3-B72D-47B6-A68D-7590B98EB39B}
		{BECA03DB-FBC6-D185-FD18-417425567A3C} = {827E0CD3-B72D-47B6-A68D-7590B98EB39B}
		{A74CB0A8-AF17-DD8D-1A2C-DBC377218672} = {827E0CD3-B72D-47B6-A68D-7590B98EB39B}
		{EDFCD2C1-29BD-64C7-F3E5-4F4EA5F7455A} = {827E0CD3-B72D-47B6-A68D-7590B98EB39B}
		{9F98BED5-363E-C0E3-CC48-AC70418F4290} = {827E0CD3-B72D-47B6-A68D-7590B98EB39B}
	EndGlobalSection
	GlobalSection(ExtensibilityGlobals) = postSolution
		SolutionGuid = {3FF4718A-A00A-426A-B483-1D649A3A7185}
	EndGlobalSection
EndGlobal
