Microsoft Visual Studio Solution File, Format Version 12.00
# Visual Studio Version 17
VisualStudioVersion = 17.5.2.0
MinimumVisualStudioVersion = 10.0.40219.1
Project("{FAE04EC0-301F-11D3-BF4B-00C04F79EFBC}") = "MageeSoft.Paradox.Clausewitz.Save.Binder.Reflection", "MageeSoft.Paradox.Clausewitz.Save.Binder.Reflection\MageeSoft.Paradox.Clausewitz.Save.Binder.Reflection.csproj", "{2E56FA30-1C10-86C7-00FF-8FFA747AD01F}"
EndProject
Project("{FAE04EC0-301F-11D3-BF4B-00C04F79EFBC}") = "MageeSoft.Paradox.Clausewitz.Save.Cli", "MageeSoft.Paradox.Clausewitz.Save.Cli\MageeSoft.Paradox.Clausewitz.Save.Cli.csproj", "{F975CDFC-7C3F-643B-17A1-D7C80FECDE4D}"
EndProject
Project("{FAE04EC0-301F-11D3-BF4B-00C04F79EFBC}") = "MageeSoft.Paradox.Clausewitz.Save.Models", "MageeSoft.Paradox.Clausewitz.Save.Models\MageeSoft.Paradox.Clausewitz.Save.Models.csproj", "{7FE414B5-3204-BC77-3221-D98D29B46484}"
EndProject
Project("{FAE04EC0-301F-11D3-BF4B-00C04F79EFBC}") = "MageeSoft.Paradox.Clausewitz.Save.Parser", "MageeSoft.Paradox.Clausewitz.Save.Parser\MageeSoft.Paradox.Clausewitz.Save.Parser.csproj", "{1DA90DE0-1AF9-95D7-01B2-F1ACBDD0F33C}"
EndProject
Project("{FAE04EC0-301F-11D3-BF4B-00C04F79EFBC}") = "MageeSoft.Paradox.Clausewitz.Save.Reader", "MageeSoft.Paradox.Clausewitz.Save.Reader\MageeSoft.Paradox.Clausewitz.Save.Reader.csproj", "{FF538C7A-2C5F-B7D2-D84C-710C55EDAEBC}"
EndProject
Project("{FAE04EC0-301F-11D3-BF4B-00C04F79EFBC}") = "MageeSoft.Paradox.Clausewitz.Save.SourceGen", "MageeSoft.Paradox.Clausewitz.Save.SourceGen\MageeSoft.Paradox.Clausewitz.Save.SourceGen.csproj", "{E1D78EAD-3EBE-F401-B646-526BA968D802}"
EndProject
Project("{FAE04EC0-301F-11D3-BF4B-00C04F79EFBC}") = "MageeSoft.Paradox.Clausewitz.Save.Test.Models", "MageeSoft.Paradox.Clausewitz.Save.Test.Models\MageeSoft.Paradox.Clausewitz.Save.Test.Models.csproj", "{DAE6424F-1EDF-F48E-37F3-7B12DB9B50D9}"
EndProject
Project("{FAE04EC0-301F-11D3-BF4B-00C04F79EFBC}") = "MageeSoft.Paradox.Clausewitz.Save.Tests", "MageeSoft.Paradox.Clausewitz.Save.Tests\MageeSoft.Paradox.Clausewitz.Save.Tests.csproj", "{0FED910E-0D10-4AB9-BA45-6F271415039F}"
EndProject
Global
	GlobalSection(SolutionConfigurationPlatforms) = preSolution
		Debug|Any CPU = Debug|Any CPU
		Release|Any CPU = Release|Any CPU
	EndGlobalSection
	GlobalSection(ProjectConfigurationPlatforms) = postSolution
		{2E56FA30-1C10-86C7-00FF-8FFA747AD01F}.Debug|Any CPU.ActiveCfg = Debug|Any CPU
		{2E56FA30-1C10-86C7-00FF-8FFA747AD01F}.Debug|Any CPU.Build.0 = Debug|Any CPU
		{2E56FA30-1C10-86C7-00FF-8FFA747AD01F}.Release|Any CPU.ActiveCfg = Release|Any CPU
		{2E56FA30-1C10-86C7-00FF-8FFA747AD01F}.Release|Any CPU.Build.0 = Release|Any CPU
		{F975CDFC-7C3F-643B-17A1-D7C80FECDE4D}.Debug|Any CPU.ActiveCfg = Debug|Any CPU
		{F975CDFC-7C3F-643B-17A1-D7C80FECDE4D}.Debug|Any CPU.Build.0 = Debug|Any CPU
		{F975CDFC-7C3F-643B-17A1-D7C80FECDE4D}.Release|Any CPU.ActiveCfg = Release|Any CPU
		{F975CDFC-7C3F-643B-17A1-D7C80FECDE4D}.Release|Any CPU.Build.0 = Release|Any CPU
		{7FE414B5-3204-BC77-3221-D98D29B46484}.Debug|Any CPU.ActiveCfg = Debug|Any CPU
		{7FE414B5-3204-BC77-3221-D98D29B46484}.Debug|Any CPU.Build.0 = Debug|Any CPU
		{7FE414B5-3204-BC77-3221-D98D29B46484}.Release|Any CPU.ActiveCfg = Release|Any CPU
		{7FE414B5-3204-BC77-3221-D98D29B46484}.Release|Any CPU.Build.0 = Release|Any CPU
		{1DA90DE0-1AF9-95D7-01B2-F1ACBDD0F33C}.Debug|Any CPU.ActiveCfg = Debug|Any CPU
		{1DA90DE0-1AF9-95D7-01B2-F1ACBDD0F33C}.Debug|Any CPU.Build.0 = Debug|Any CPU
		{1DA90DE0-1AF9-95D7-01B2-F1ACBDD0F33C}.Release|Any CPU.ActiveCfg = Release|Any CPU
		{1DA90DE0-1AF9-95D7-01B2-F1ACBDD0F33C}.Release|Any CPU.Build.0 = Release|Any CPU
		{FF538C7A-2C5F-B7D2-D84C-710C55EDAEBC}.Debug|Any CPU.ActiveCfg = Debug|Any CPU
		{FF538C7A-2C5F-B7D2-D84C-710C55EDAEBC}.Debug|Any CPU.Build.0 = Debug|Any CPU
		{FF538C7A-2C5F-B7D2-D84C-710C55EDAEBC}.Release|Any CPU.ActiveCfg = Release|Any CPU
		{FF538C7A-2C5F-B7D2-D84C-710C55EDAEBC}.Release|Any CPU.Build.0 = Release|Any CPU
		{E1D78EAD-3EBE-F401-B646-526BA968D802}.Debug|Any CPU.ActiveCfg = Debug|Any CPU
		{E1D78EAD-3EBE-F401-B646-526BA968D802}.Debug|Any CPU.Build.0 = Debug|Any CPU
		{E1D78EAD-3EBE-F401-B646-526BA968D802}.Release|Any CPU.ActiveCfg = Release|Any CPU
		{E1D78EAD-3EBE-F401-B646-526BA968D802}.Release|Any CPU.Build.0 = Release|Any CPU
		{DAE6424F-1EDF-F48E-37F3-7B12DB9B50D9}.Debug|Any CPU.ActiveCfg = Debug|Any CPU
		{DAE6424F-1EDF-F48E-37F3-7B12DB9B50D9}.Debug|Any CPU.Build.0 = Debug|Any CPU
		{DAE6424F-1EDF-F48E-37F3-7B12DB9B50D9}.Release|Any CPU.ActiveCfg = Release|Any CPU
		{DAE6424F-1EDF-F48E-37F3-7B12DB9B50D9}.Release|Any CPU.Build.0 = Release|Any CPU
		{0FED910E-0D10-4AB9-BA45-6F271415039F}.Debug|Any CPU.ActiveCfg = Debug|Any CPU
		{0FED910E-0D10-4AB9-BA45-6F271415039F}.Debug|Any CPU.Build.0 = Debug|Any CPU
		{0FED910E-0D10-4AB9-BA45-6F271415039F}.Release|Any CPU.ActiveCfg = Release|Any CPU
		{0FED910E-0D10-4AB9-BA45-6F271415039F}.Release|Any CPU.Build.0 = Release|Any CPU
	EndGlobalSection
	GlobalSection(SolutionProperties) = preSolution
		HideSolutionNode = FALSE
	EndGlobalSection
	GlobalSection(ExtensibilityGlobals) = postSolution
		SolutionGuid = {18D63864-68A5-44D7-9A61-9D4B931EBD96}
	EndGlobalSection
EndGlobal
